PODS:
  - FirebaseFirestore (1.15.0)

DEPENDENCIES:
  - FirebaseFirestore (from `https://github.com/invertase/firestore-ios-sdk-frameworks.git`, tag `6.26.0`)

EXTERNAL SOURCES:
  FirebaseFirestore:
    :git: https://github.com/invertase/firestore-ios-sdk-frameworks.git
    :tag: 6.26.0

CHECKOUT OPTIONS:
  FirebaseFirestore:
    :git: https://github.com/invertase/firestore-ios-sdk-frameworks.git
    :tag: 6.26.0

SPEC CHECKSUMS:
  FirebaseFirestore: 2cf6944bc538e57c94d8332bae501178edb70727

PODFILE CHECKSUM: 96dd7f385cb2dd2bdfe9361e92ec6a4ac50103ec

COCOAPODS: 1.10.1
